
Microsoft Visual Studio Solution File, Format Version 12.00
# Visual Studio Version 16
VisualStudioVersion = 16.0.30204.135
MinimumVisualStudioVersion = 10.0.40219.1
Project("{FAE04EC0-301F-11D3-BF4B-00C04F79EFBC}") = "StackHW", "StackHW\StackHW.csproj", "{72B4E2F3-F6E9-4112-9AED-5BFB1A970B21}"
EndProject
Global
	GlobalSection(SolutionConfigurationPlatforms) = preSolution
		Debug|Any CPU = Debug|Any CPU
		Release|Any CPU = Release|Any CPU
	EndGlobalSection
	GlobalSection(ProjectConfigurationPlatforms) = postSolution
		{72B4E2F3-F6E9-4112-9AED-5BFB1A970B21}.Debug|Any CPU.ActiveCfg = Debug|Any CPU
		{72B4E2F3-F6E9-4112-9AED-5BFB1A970B21}.Debug|Any CPU.Build.0 = Debug|Any CPU
		{72B4E2F3-F6E9-4112-9AED-5BFB1A970B21}.Release|Any CPU.ActiveCfg = Release|Any CPU
		{72B4E2F3-F6E9-4112-9AED-5BFB1A970B21}.Release|Any CPU.Build.0 = Release|Any CPU
	EndGlobalSection
	GlobalSection(SolutionProperties) = preSolution
		HideSolutionNode = FALSE
	EndGlobalSection
	GlobalSection(ExtensibilityGlobals) = postSolution
		SolutionGuid = {282FE6EE-C52B-4711-BCA5-8F544F6CFE19}
	EndGlobalSection
EndGlobal
