
Microsoft Visual Studio Solution File, Format Version 12.00
# Visual Studio Version 16
VisualStudioVersion = 16.0.30204.135
MinimumVisualStudioVersion = 10.0.40219.1
Project("{FAE04EC0-301F-11D3-BF4B-00C04F79EFBC}") = "Predicates", "Predicates\Predicates.csproj", "{A135849F-0CE9-48F2-BC90-4102B93D69BC}"
EndProject
Global
	GlobalSection(SolutionConfigurationPlatforms) = preSolution
		Debug|Any CPU = Debug|Any CPU
		Release|Any CPU = Release|Any CPU
	EndGlobalSection
	GlobalSection(ProjectConfigurationPlatforms) = postSolution
		{A135849F-0CE9-48F2-BC90-4102B93D69BC}.Debug|Any CPU.ActiveCfg = Debug|Any CPU
		{A135849F-0CE9-48F2-BC90-4102B93D69BC}.Debug|Any CPU.Build.0 = Debug|Any CPU
		{A135849F-0CE9-48F2-BC90-4102B93D69BC}.Release|Any CPU.ActiveCfg = Release|Any CPU
		{A135849F-0CE9-48F2-BC90-4102B93D69BC}.Release|Any CPU.Build.0 = Release|Any CPU
	EndGlobalSection
	GlobalSection(SolutionProperties) = preSolution
		HideSolutionNode = FALSE
	EndGlobalSection
	GlobalSection(ExtensibilityGlobals) = postSolution
		SolutionGuid = {0BF45B9D-1004-4506-A3AD-9304F13C7462}
	EndGlobalSection
EndGlobal
