
Microsoft Visual Studio Solution File, Format Version 12.00
# Visual Studio Version 16
VisualStudioVersion = 16.0.30907.101
MinimumVisualStudioVersion = 10.0.40219.1
Project("{FAE04EC0-301F-11D3-BF4B-00C04F79EFBC}") = "PP1", "PP1\PP1.csproj", "{D1A9C6F0-E69B-42E7-A185-747F7486F5A6}"
EndProject
Global
	GlobalSection(SolutionConfigurationPlatforms) = preSolution
		Debug|Any CPU = Debug|Any CPU
		Release|Any CPU = Release|Any CPU
	EndGlobalSection
	GlobalSection(ProjectConfigurationPlatforms) = postSolution
		{D1A9C6F0-E69B-42E7-A185-747F7486F5A6}.Debug|Any CPU.ActiveCfg = Debug|Any CPU
		{D1A9C6F0-E69B-42E7-A185-747F7486F5A6}.Debug|Any CPU.Build.0 = Debug|Any CPU
		{D1A9C6F0-E69B-42E7-A185-747F7486F5A6}.Release|Any CPU.ActiveCfg = Release|Any CPU
		{D1A9C6F0-E69B-42E7-A185-747F7486F5A6}.Release|Any CPU.Build.0 = Release|Any CPU
	EndGlobalSection
	GlobalSection(SolutionProperties) = preSolution
		HideSolutionNode = FALSE
	EndGlobalSection
	GlobalSection(ExtensibilityGlobals) = postSolution
		SolutionGuid = {09253B71-BFA3-48F2-AF02-38FD4B8156D4}
	EndGlobalSection
EndGlobal
